
Microsoft Visual Studio Solution File, Format Version 12.00
# Visual Studio Version 16
VisualStudioVersion = 16.0.34407.143
MinimumVisualStudioVersion = 10.0.40219.1
Project("{FAE04EC0-301F-11D3-BF4B-00C04F79EFBC}") = "CalculoFolha", "CalculoFolha\CalculoFolha.csproj", "{BA35FE0E-9364-4D76-B4E7-02E1A0CC7341}"
EndProject
Global
	GlobalSection(SolutionConfigurationPlatforms) = preSolution
		Debug|Any CPU = Debug|Any CPU
		Release|Any CPU = Release|Any CPU
	EndGlobalSection
	GlobalSection(ProjectConfigurationPlatforms) = postSolution
		{BA35FE0E-9364-4D76-B4E7-02E1A0CC7341}.Debug|Any CPU.ActiveCfg = Debug|Any CPU
		{BA35FE0E-9364-4D76-B4E7-02E1A0CC7341}.Debug|Any CPU.Build.0 = Debug|Any CPU
		{BA35FE0E-9364-4D76-B4E7-02E1A0CC7341}.Release|Any CPU.ActiveCfg = Release|Any CPU
		{BA35FE0E-9364-4D76-B4E7-02E1A0CC7341}.Release|Any CPU.Build.0 = Release|Any CPU
	EndGlobalSection
	GlobalSection(SolutionProperties) = preSolution
		HideSolutionNode = FALSE
	EndGlobalSection
	GlobalSection(ExtensibilityGlobals) = postSolution
		SolutionGuid = {0C6A3144-6FFD-47EC-8133-6D6EB4C12D71}
	EndGlobalSection
EndGlobal
